{
	"info": {
		"_postman_id": "dd6dc439-a277-4277-8e64-d7198bb73bf4",
		"name": "School-Manager",
		"schema": "https://schema.getpostman.com/json/collection/v2.1.0/collection.json",
		"_exporter_id": "25349476"
	},
	"item": [
		{
			"name": "Auth",
			"item": [
				{
					"name": "Login Admin",
					"request": {
						"method": "POST",
						"header": [],
						"body": {
							"mode": "urlencoded",
							"urlencoded": [
								{
									"key": "username",
									"value": "admin",
									"type": "text"
								},
								{
									"key": "password",
									"value": "12345678",
									"type": "text"
								}
							]
						},
						"url": {
							"raw": "http://localhost:3000/login",
							"protocol": "http",
							"host": [
								"localhost"
							],
							"port": "3000",
							"path": [
								"login"
							]
						}
					},
					"response": []
				},
				{
					"name": "Login Teacher",
					"request": {
						"method": "POST",
						"header": [],
						"body": {
							"mode": "urlencoded",
							"urlencoded": [
								{
									"key": "username",
									"value": "guru",
									"type": "text"
								},
								{
									"key": "password",
									"value": "12345678",
									"type": "text"
								}
							]
						},
						"url": {
							"raw": "http://localhost:3000/login",
							"protocol": "http",
							"host": [
								"localhost"
							],
							"port": "3000",
							"path": [
								"login"
							]
						}
					},
					"response": []
				}
			]
		},
		{
			"name": "Add Data Admin",
			"item": [
				{
					"name": "Add Account",
					"request": {
						"method": "POST",
						"header": [
							{
								"key": "access_token",
								"value": "{{access_token}}",
								"type": "text"
							}
						],
						"body": {
							"mode": "urlencoded",
							"urlencoded": [
								{
									"key": "username",
									"value": "usergurubaru",
									"type": "text"
								},
								{
									"key": "password",
									"value": "12345678",
									"type": "text"
								},
								{
									"key": "role",
									"value": "guru",
									"type": "text"
								}
							]
						},
						"url": {
							"raw": "http://localhost:3000/user",
							"protocol": "http",
							"host": [
								"localhost"
							],
							"port": "3000",
							"path": [
								"user"
							]
						}
					},
					"response": []
				},
				{
					"name": "Add Teacher",
					"request": {
						"method": "POST",
						"header": [
							{
								"key": "access_token",
								"value": "{{access_token}}",
								"type": "text"
							}
						],
						"body": {
							"mode": "urlencoded",
							"urlencoded": [
								{
									"key": "name",
									"value": "Gito'",
									"type": "text"
								},
								{
									"key": "idguru",
									"value": "12345678",
									"type": "text"
								},
								{
									"key": "gender",
									"value": "Pria",
									"type": "text"
								},
								{
									"key": "address",
									"value": "JLN KEMUNING SUMENEP",
									"type": "text"
								},
								{
									"key": "phone",
									"value": "081235378292",
									"type": "text"
								},
								{
									"key": "jobtitle",
									"value": "Matematika",
									"type": "text"
								},
								{
									"key": "departement",
									"value": "guru",
									"type": "text"
								},
								{
									"key": "",
									"value": "",
									"type": "text",
									"disabled": true
								},
								{
									"key": "",
									"value": "",
									"type": "text",
									"disabled": true
								}
							]
						},
						"url": {
							"raw": "http://localhost/3000/teacher",
							"protocol": "http",
							"host": [
								"localhost"
							],
							"path": [
								"3000",
								"teacher"
							],
							"query": [
								{
									"key": "",
									"value": null,
									"disabled": true
								}
							]
						}
					},
					"response": []
				},
				{
					"name": "Add Schedule",
					"request": {
						"method": "POST",
						"header": [
							{
								"key": "access_token",
								"value": "{{access_token}}",
								"type": "text"
							}
						],
						"body": {
							"mode": "urlencoded",
							"urlencoded": [
								{
									"key": "senin",
									"value": "",
									"type": "text"
								},
								{
									"key": "selasa",
									"value": "",
									"type": "text"
								},
								{
									"key": "rabu",
									"value": "",
									"type": "text"
								},
								{
									"key": "kamis",
									"value": "",
									"type": "text"
								},
								{
									"key": "jumat",
									"value": "",
									"type": "text"
								},
								{
									"key": "sabtu",
									"value": "",
									"type": "text"
								},
								{
									"key": "minggu",
									"value": "",
									"type": "text"
								}
							]
						},
						"url": {
							"raw": "http://localhost:3000/addSchedule",
							"protocol": "http",
							"host": [
								"localhost"
							],
							"port": "3000",
							"path": [
								"addSchedule"
							]
						}
					},
					"response": []
				},
				{
					"name": "Add Class",
					"request": {
						"method": "POST",
						"header": [
							{
								"key": "access_token",
								"value": "{{access_token}}",
								"type": "text"
							}
						],
						"body": {
							"mode": "urlencoded",
							"urlencoded": [
								{
									"key": "name",
									"value": "X1-MIPA 7",
									"type": "text"
								},
								{
									"key": "teacherId",
									"value": "1",
									"type": "text"
								},
								{
									"key": "scheduleId",
									"value": "1",
									"type": "text"
								}
							]
						},
						"url": {
							"raw": "http://localhost:3000/class/",
							"protocol": "http",
							"host": [
								"localhost"
							],
							"port": "3000",
							"path": [
								"class",
								""
							]
						}
					},
					"response": []
				},
				{
					"name": "Edit Teachers",
					"request": {
						"method": "PUT",
						"header": [
							{
								"key": "access_token",
								"value": "{{access_token}}",
								"type": "text"
							}
						],
						"body": {
							"mode": "urlencoded",
							"urlencoded": [
								{
									"key": "name",
									"value": "Gito'",
									"type": "text"
								},
								{
									"key": "idguru",
									"value": "12345678",
									"type": "text"
								},
								{
									"key": "gender",
									"value": "Pria",
									"type": "text"
								},
								{
									"key": "address",
									"value": "JLN KEMUNING SUMENEP",
									"type": "text"
								},
								{
									"key": "phone",
									"value": "081235378292",
									"type": "text"
								},
								{
									"key": "jobtitle",
									"value": "Matematika",
									"type": "text"
								},
								{
									"key": "departement",
									"value": "guru",
									"type": "text"
								},
								{
									"key": "",
									"value": "",
									"type": "text",
									"disabled": true
								},
								{
									"key": "",
									"value": "",
									"type": "text",
									"disabled": true
								}
							]
						},
						"url": {
							"raw": "http://localhost/3000/teacher/1",
							"protocol": "http",
							"host": [
								"localhost"
							],
							"path": [
								"3000",
								"teacher",
								"1"
							],
							"query": [
								{
									"key": "",
									"value": null,
									"disabled": true
								}
							]
						}
					},
					"response": []
				},
				{
					"name": "Edit Class",
					"request": {
						"method": "PUT",
						"header": [
							{
								"key": "access_token",
								"value": "{{access_token}}",
								"type": "text"
							}
						],
						"body": {
							"mode": "urlencoded",
							"urlencoded": [
								{
									"key": "name",
									"value": "X1-MIPA 7",
									"type": "text"
								},
								{
									"key": "teacherId",
									"value": "1",
									"type": "text"
								},
								{
									"key": "scheduleId",
									"value": "1",
									"type": "text"
								}
							]
						},
						"url": {
							"raw": "http://localhost:3000/class/6",
							"protocol": "http",
							"host": [
								"localhost"
							],
							"port": "3000",
							"path": [
								"class",
								"6"
							]
						}
					},
					"response": []
				},
				{
					"name": "Delete Teacher",
					"request": {
						"method": "DELETE",
						"header": [],
						"url": {
							"raw": "http://localhost:3000/teacher",
							"protocol": "http",
							"host": [
								"localhost"
							],
							"port": "3000",
							"path": [
								"teacher"
							]
						}
					},
					"response": []
				},
				{
					"name": "New Request",
					"request": {
						"method": "GET",
						"header": []
					},
					"response": []
				}
			]
		},
		{
			"name": "General",
			"item": [
				{
					"name": "Get Teacher",
					"request": {
						"method": "GET",
						"header": [
							{
								"key": "access_token",
								"value": "eyJhbGciOiJIUzI1NiIsInR5cCI6IkpXVCJ9.eyJpZCI6MSwidXNlcm5hbWUiOiJhZG1pbiIsInJvbGUiOiJhZG1pbiIsImlhdCI6MTY4NDU5Mzc5N30.k5eLuDu8MDTRjh0at5uguPTGmBdVV8i25oWLT-qk_EI",
								"type": "text"
							}
						],
						"url": {
							"raw": "http://localhost:3000/teacher",
							"protocol": "http",
							"host": [
								"localhost"
							],
							"port": "3000",
							"path": [
								"teacher"
							]
						}
					},
					"response": []
				},
				{
					"name": "Get Student",
					"request": {
						"method": "GET",
						"header": [
							{
								"key": "access_token",
								"value": "eyJhbGciOiJIUzI1NiIsInR5cCI6IkpXVCJ9.eyJpZCI6MSwidXNlcm5hbWUiOiJhZG1pbiIsInJvbGUiOiJhZG1pbiIsImlhdCI6MTY4NDU5Mzc5N30.k5eLuDu8MDTRjh0at5uguPTGmBdVV8i25oWLT-qk_EI",
								"type": "text"
							}
						],
						"url": {
							"raw": "http://localhost:3000/teacher",
							"protocol": "http",
							"host": [
								"localhost"
							],
							"port": "3000",
							"path": [
								"teacher"
							]
						}
					},
					"response": []
				},
				{
					"name": "Get Class",
					"request": {
						"method": "GET",
						"header": [
							{
								"key": "access_token",
								"value": "{{access_token}}",
								"type": "text"
							}
						],
						"url": {
							"raw": "http://localhost:3000/class",
							"protocol": "http",
							"host": [
								"localhost"
							],
							"port": "3000",
							"path": [
								"class"
							]
						}
					},
					"response": []
				}
			]
		}
	],
	"event": [
		{
			"listen": "prerequest",
			"script": {
				"type": "text/javascript",
				"exec": [
					""
				]
			}
		},
		{
			"listen": "test",
			"script": {
				"type": "text/javascript",
				"exec": [
					""
				]
			}
		}
	],
	"variable": [
		{
			"key": "admin",
			"value": "eyJhbGciOiJIUzI1NiIsInR5cCI6IkpXVCJ9.eyJ1c2VybmFtZSI6ImFkbWluIiwicm9sZSI6ImFkbWluIiwiaWF0IjoxNjgzOTkxOTQ5fQ.dnuNvLhjhRF7ouFgTvDovbjPHP9Y-TN2ZGr66R0Kj-s",
			"type": "string"
		},
		{
			"value": "",
			"type": "string",
			"disabled": true
		}
	]
}